
Microsoft Visual Studio Solution File, Format Version 12.00
# Visual Studio Version 16
VisualStudioVersion = 16.0.31025.109
MinimumVisualStudioVersion = 10.0.40219.1
Project("{FAE04EC0-301F-11D3-BF4B-00C04F79EFBC}") = "FinalTestFunctions", "FinalTestFunctions\FinalTestFunctions.csproj", "{6556A0CA-54D6-487D-B8D2-32907A156A33}"
EndProject
Global
	GlobalSection(SolutionConfigurationPlatforms) = preSolution
		Debug|Any CPU = Debug|Any CPU
		Release|Any CPU = Release|Any CPU
	EndGlobalSection
	GlobalSection(ProjectConfigurationPlatforms) = postSolution
		{6556A0CA-54D6-487D-B8D2-32907A156A33}.Debug|Any CPU.ActiveCfg = Debug|Any CPU
		{6556A0CA-54D6-487D-B8D2-32907A156A33}.Debug|Any CPU.Build.0 = Debug|Any CPU
		{6556A0CA-54D6-487D-B8D2-32907A156A33}.Release|Any CPU.ActiveCfg = Release|Any CPU
		{6556A0CA-54D6-487D-B8D2-32907A156A33}.Release|Any CPU.Build.0 = Release|Any CPU
	EndGlobalSection
	GlobalSection(SolutionProperties) = preSolution
		HideSolutionNode = FALSE
	EndGlobalSection
	GlobalSection(ExtensibilityGlobals) = postSolution
		SolutionGuid = {5AAFA3CE-F988-4BFD-9698-43E05F210BF9}
	EndGlobalSection
EndGlobal
